
Microsoft Visual Studio Solution File, Format Version 12.00
# Visual Studio 15
VisualStudioVersion = 15.0.28307.1231
MinimumVisualStudioVersion = 10.0.40219.1
Project("{FAE04EC0-301F-11D3-BF4B-00C04F79EFBC}") = "Obligatorio2", "Obligatorio2\Obligatorio2.csproj", "{54B329CE-16B2-42C1-B450-6E530FF0FC06}"
EndProject
Global
	GlobalSection(SolutionConfigurationPlatforms) = preSolution
		Debug|Any CPU = Debug|Any CPU
		Release|Any CPU = Release|Any CPU
	EndGlobalSection
	GlobalSection(ProjectConfigurationPlatforms) = postSolution
		{54B329CE-16B2-42C1-B450-6E530FF0FC06}.Debug|Any CPU.ActiveCfg = Debug|Any CPU
		{54B329CE-16B2-42C1-B450-6E530FF0FC06}.Debug|Any CPU.Build.0 = Debug|Any CPU
		{54B329CE-16B2-42C1-B450-6E530FF0FC06}.Release|Any CPU.ActiveCfg = Release|Any CPU
		{54B329CE-16B2-42C1-B450-6E530FF0FC06}.Release|Any CPU.Build.0 = Release|Any CPU
	EndGlobalSection
	GlobalSection(SolutionProperties) = preSolution
		HideSolutionNode = FALSE
	EndGlobalSection
	GlobalSection(ExtensibilityGlobals) = postSolution
		SolutionGuid = {B65EC1A4-3220-48F2-BEE0-71F17EE95922}
	EndGlobalSection
EndGlobal
